
Microsoft Visual Studio Solution File, Format Version 12.00
# Visual Studio Version 17
VisualStudioVersion = 17.7.34221.43
MinimumVisualStudioVersion = 10.0.40219.1
Project("{9A19103F-16F7-4668-BE54-9A1E7A4F7556}") = "Statify", "Statify\Statify.csproj", "{6DA34934-D129-475A-A0E7-F409A77EE8F1}"
EndProject
Project("{FAE04EC0-301F-11D3-BF4B-00C04F79EFBC}") = "StatifyAPI", "StatifyAPI\StatifyAPI.csproj", "{93F5CE31-D100-41CA-922A-D0786D5F8470}"
EndProject
Project("{FAE04EC0-301F-11D3-BF4B-00C04F79EFBC}") = "Statify.Tests", "Statify.Tests\Statify.Tests.csproj", "{E9D037DE-CB3F-44B7-A3EA-385E3BC1EA4A}"
EndProject
Project("{FAE04EC0-301F-11D3-BF4B-00C04F79EFBC}") = "StatifyAPI.Tests", "StatifyAPI.Tests\StatifyAPI.Tests.csproj", "{87E5AA49-18EA-4F03-AC46-A380AF343F02}"
EndProject
Global
	GlobalSection(SolutionConfigurationPlatforms) = preSolution
		Debug|Any CPU = Debug|Any CPU
		Release|Any CPU = Release|Any CPU
	EndGlobalSection
	GlobalSection(ProjectConfigurationPlatforms) = postSolution
		{6DA34934-D129-475A-A0E7-F409A77EE8F1}.Debug|Any CPU.ActiveCfg = Debug|Any CPU
		{6DA34934-D129-475A-A0E7-F409A77EE8F1}.Debug|Any CPU.Build.0 = Debug|Any CPU
		{6DA34934-D129-475A-A0E7-F409A77EE8F1}.Release|Any CPU.ActiveCfg = Release|Any CPU
		{6DA34934-D129-475A-A0E7-F409A77EE8F1}.Release|Any CPU.Build.0 = Release|Any CPU
		{93F5CE31-D100-41CA-922A-D0786D5F8470}.Debug|Any CPU.ActiveCfg = Debug|Any CPU
		{93F5CE31-D100-41CA-922A-D0786D5F8470}.Debug|Any CPU.Build.0 = Debug|Any CPU
		{93F5CE31-D100-41CA-922A-D0786D5F8470}.Release|Any CPU.ActiveCfg = Release|Any CPU
		{93F5CE31-D100-41CA-922A-D0786D5F8470}.Release|Any CPU.Build.0 = Release|Any CPU
		{E9D037DE-CB3F-44B7-A3EA-385E3BC1EA4A}.Debug|Any CPU.ActiveCfg = Debug|Any CPU
		{E9D037DE-CB3F-44B7-A3EA-385E3BC1EA4A}.Debug|Any CPU.Build.0 = Debug|Any CPU
		{E9D037DE-CB3F-44B7-A3EA-385E3BC1EA4A}.Release|Any CPU.ActiveCfg = Release|Any CPU
		{E9D037DE-CB3F-44B7-A3EA-385E3BC1EA4A}.Release|Any CPU.Build.0 = Release|Any CPU
		{87E5AA49-18EA-4F03-AC46-A380AF343F02}.Debug|Any CPU.ActiveCfg = Debug|Any CPU
		{87E5AA49-18EA-4F03-AC46-A380AF343F02}.Debug|Any CPU.Build.0 = Debug|Any CPU
		{87E5AA49-18EA-4F03-AC46-A380AF343F02}.Release|Any CPU.ActiveCfg = Release|Any CPU
		{87E5AA49-18EA-4F03-AC46-A380AF343F02}.Release|Any CPU.Build.0 = Release|Any CPU
	EndGlobalSection
	GlobalSection(SolutionProperties) = preSolution
		HideSolutionNode = FALSE
	EndGlobalSection
	GlobalSection(ExtensibilityGlobals) = postSolution
		SolutionGuid = {873A26A4-C57B-435E-8ECB-0410D0F09274}
	EndGlobalSection
EndGlobal
